// !$*UTF8*$!
{
	archiveVersion = 1;
	classes = {
	};
	objectVersion = 50;
	objects = {

/* Begin PBXBuildFile section */
		A007CE052260644E006F5D09 /* HomeViewController.swift in Sources */ = {isa = PBXBuildFile; fileRef = A007CE042260644E006F5D09 /* HomeViewController.swift */; };
		A0B4D129225A8AF30077DBFA /* AppDelegate.swift in Sources */ = {isa = PBXBuildFile; fileRef = A0B4D128225A8AF30077DBFA /* AppDelegate.swift */; };
		A0B4D12B225A8AF30077DBFA /* ViewController.swift in Sources */ = {isa = PBXBuildFile; fileRef = A0B4D12A225A8AF30077DBFA /* ViewController.swift */; };
		A0B4D12E225A8AF30077DBFA /* Main.storyboard in Resources */ = {isa = PBXBuildFile; fileRef = A0B4D12C225A8AF30077DBFA /* Main.storyboard */; };
		A0B4D130225A8AF60077DBFA /* Assets.xcassets in Resources */ = {isa = PBXBuildFile; fileRef = A0B4D12F225A8AF60077DBFA /* Assets.xcassets */; };
		A0B4D133225A8AF60077DBFA /* LaunchScreen.storyboard in Resources */ = {isa = PBXBuildFile; fileRef = A0B4D131225A8AF60077DBFA /* LaunchScreen.storyboard */; };
		A0B74D492266D7A300D7D0DA /* AddRecViewController.swift in Sources */ = {isa = PBXBuildFile; fileRef = A0B74D482266D7A300D7D0DA /* AddRecViewController.swift */; };
		A0B74D4B22679E9900D7D0DA /* RegisterViewController.swift in Sources */ = {isa = PBXBuildFile; fileRef = A0B74D4A22679E9900D7D0DA /* RegisterViewController.swift */; };
		A0B74D4D2267F9DD00D7D0DA /* MediaSearchDatabase.swift in Sources */ = {isa = PBXBuildFile; fileRef = A0B74D4C2267F9DD00D7D0DA /* MediaSearchDatabase.swift */; };
		A0B74D512267FA7000D7D0DA /* Show.swift in Sources */ = {isa = PBXBuildFile; fileRef = A0B74D502267FA7000D7D0DA /* Show.swift */; };
		A0B74D532268010500D7D0DA /* NetworkManager.swift in Sources */ = {isa = PBXBuildFile; fileRef = A0B74D522268010500D7D0DA /* NetworkManager.swift */; };
		A0B74D5722699BC100D7D0DA /* ShowDataViewController.swift in Sources */ = {isa = PBXBuildFile; fileRef = A0B74D5622699BC000D7D0DA /* ShowDataViewController.swift */; };
		A0B74D59226ADD0000D7D0DA /* GoogleService-Info.plist in Resources */ = {isa = PBXBuildFile; fileRef = A0B74D58226ADD0000D7D0DA /* GoogleService-Info.plist */; };
		A0B74D5B226BC18F00D7D0DA /* FirebaseController.swift in Sources */ = {isa = PBXBuildFile; fileRef = A0B74D5A226BC18F00D7D0DA /* FirebaseController.swift */; };
		C12F2324FCB6EB442AA5827F /* Pods_Rec_Dec.framework in Frameworks */ = {isa = PBXBuildFile; fileRef = 7DEF62A3EC114684178B6116 /* Pods_Rec_Dec.framework */; };
/* End PBXBuildFile section */

/* Begin PBXFileReference section */
		5E83BEA240E5ED16364FE65C /* Pods-Rec Dec.release.xcconfig */ = {isa = PBXFileReference; includeInIndex = 1; lastKnownFileType = text.xcconfig; name = "Pods-Rec Dec.release.xcconfig"; path = "Target Support Files/Pods-Rec Dec/Pods-Rec Dec.release.xcconfig"; sourceTree = "<group>"; };
		7DEF62A3EC114684178B6116 /* Pods_Rec_Dec.framework */ = {isa = PBXFileReference; explicitFileType = wrapper.framework; includeInIndex = 0; path = Pods_Rec_Dec.framework; sourceTree = BUILT_PRODUCTS_DIR; };
		8F60DB3A34F2146A114C797B /* Pods-Rec Dec.debug.xcconfig */ = {isa = PBXFileReference; includeInIndex = 1; lastKnownFileType = text.xcconfig; name = "Pods-Rec Dec.debug.xcconfig"; path = "Target Support Files/Pods-Rec Dec/Pods-Rec Dec.debug.xcconfig"; sourceTree = "<group>"; };
		A007CE042260644E006F5D09 /* HomeViewController.swift */ = {isa = PBXFileReference; lastKnownFileType = sourcecode.swift; path = HomeViewController.swift; sourceTree = "<group>"; };
		A0B4D125225A8AF30077DBFA /* Rec Dec.app */ = {isa = PBXFileReference; explicitFileType = wrapper.application; includeInIndex = 0; path = "Rec Dec.app"; sourceTree = BUILT_PRODUCTS_DIR; };
		A0B4D128225A8AF30077DBFA /* AppDelegate.swift */ = {isa = PBXFileReference; lastKnownFileType = sourcecode.swift; path = AppDelegate.swift; sourceTree = "<group>"; };
		A0B4D12A225A8AF30077DBFA /* ViewController.swift */ = {isa = PBXFileReference; lastKnownFileType = sourcecode.swift; path = ViewController.swift; sourceTree = "<group>"; };
		A0B4D12D225A8AF30077DBFA /* Base */ = {isa = PBXFileReference; lastKnownFileType = file.storyboard; name = Base; path = Base.lproj/Main.storyboard; sourceTree = "<group>"; };
		A0B4D12F225A8AF60077DBFA /* Assets.xcassets */ = {isa = PBXFileReference; lastKnownFileType = folder.assetcatalog; path = Assets.xcassets; sourceTree = "<group>"; };
		A0B4D132225A8AF60077DBFA /* Base */ = {isa = PBXFileReference; lastKnownFileType = file.storyboard; name = Base; path = Base.lproj/LaunchScreen.storyboard; sourceTree = "<group>"; };
		A0B4D134225A8AF60077DBFA /* Info.plist */ = {isa = PBXFileReference; lastKnownFileType = text.plist.xml; path = Info.plist; sourceTree = "<group>"; };
		A0B74D482266D7A300D7D0DA /* AddRecViewController.swift */ = {isa = PBXFileReference; lastKnownFileType = sourcecode.swift; path = AddRecViewController.swift; sourceTree = "<group>"; };
		A0B74D4A22679E9900D7D0DA /* RegisterViewController.swift */ = {isa = PBXFileReference; lastKnownFileType = sourcecode.swift; path = RegisterViewController.swift; sourceTree = "<group>"; };
		A0B74D4C2267F9DD00D7D0DA /* MediaSearchDatabase.swift */ = {isa = PBXFileReference; lastKnownFileType = sourcecode.swift; path = MediaSearchDatabase.swift; sourceTree = "<group>"; };
		A0B74D502267FA7000D7D0DA /* Show.swift */ = {isa = PBXFileReference; lastKnownFileType = sourcecode.swift; path = Show.swift; sourceTree = "<group>"; };
		A0B74D522268010500D7D0DA /* NetworkManager.swift */ = {isa = PBXFileReference; lastKnownFileType = sourcecode.swift; path = NetworkManager.swift; sourceTree = "<group>"; };
		A0B74D5622699BC000D7D0DA /* ShowDataViewController.swift */ = {isa = PBXFileReference; lastKnownFileType = sourcecode.swift; path = ShowDataViewController.swift; sourceTree = "<group>"; };
		A0B74D58226ADD0000D7D0DA /* GoogleService-Info.plist */ = {isa = PBXFileReference; fileEncoding = 4; lastKnownFileType = text.plist.xml; path = "GoogleService-Info.plist"; sourceTree = "<group>"; };
		A0B74D5A226BC18F00D7D0DA /* FirebaseController.swift */ = {isa = PBXFileReference; lastKnownFileType = sourcecode.swift; path = FirebaseController.swift; sourceTree = "<group>"; };
/* End PBXFileReference section */

/* Begin PBXFrameworksBuildPhase section */
		A0B4D122225A8AF30077DBFA /* Frameworks */ = {
			isa = PBXFrameworksBuildPhase;
			buildActionMask = 2147483647;
			files = (
				C12F2324FCB6EB442AA5827F /* Pods_Rec_Dec.framework in Frameworks */,
			);
			runOnlyForDeploymentPostprocessing = 0;
		};
/* End PBXFrameworksBuildPhase section */

/* Begin PBXGroup section */
		0D5A63065C3313A7F3C68DF8 /* Pods */ = {
			isa = PBXGroup;
			children = (
				8F60DB3A34F2146A114C797B /* Pods-Rec Dec.debug.xcconfig */,
				5E83BEA240E5ED16364FE65C /* Pods-Rec Dec.release.xcconfig */,
			);
			path = Pods;
			sourceTree = "<group>";
		};
		29E0E2E75EC7DFAF2840EC72 /* Frameworks */ = {
			isa = PBXGroup;
			children = (
				7DEF62A3EC114684178B6116 /* Pods_Rec_Dec.framework */,
			);
			name = Frameworks;
			sourceTree = "<group>";
		};
		A0B4D11C225A8AF30077DBFA = {
			isa = PBXGroup;
			children = (
				A0B4D127225A8AF30077DBFA /* Rec Dec */,
				A0B4D126225A8AF30077DBFA /* Products */,
				0D5A63065C3313A7F3C68DF8 /* Pods */,
				29E0E2E75EC7DFAF2840EC72 /* Frameworks */,
			);
			sourceTree = "<group>";
		};
		A0B4D126225A8AF30077DBFA /* Products */ = {
			isa = PBXGroup;
			children = (
				A0B4D125225A8AF30077DBFA /* Rec Dec.app */,
			);
			name = Products;
			sourceTree = "<group>";
		};
		A0B4D127225A8AF30077DBFA /* Rec Dec */ = {
			isa = PBXGroup;
			children = (
				A0B4D128225A8AF30077DBFA /* AppDelegate.swift */,
				A0B74D4F2267FA0500D7D0DA /* Model */,
				A0B74D4E2267F9F100D7D0DA /* View Controllers */,
				A0B4D12C225A8AF30077DBFA /* Main.storyboard */,
				A0B4D12F225A8AF60077DBFA /* Assets.xcassets */,
				A0B4D131225A8AF60077DBFA /* LaunchScreen.storyboard */,
				A0B4D134225A8AF60077DBFA /* Info.plist */,
				A0B74D58226ADD0000D7D0DA /* GoogleService-Info.plist */,
			);
			path = "Rec Dec";
			sourceTree = "<group>";
		};
		A0B74D4E2267F9F100D7D0DA /* View Controllers */ = {
			isa = PBXGroup;
			children = (
				A0B74D5622699BC000D7D0DA /* ShowDataViewController.swift */,
				A0B4D12A225A8AF30077DBFA /* ViewController.swift */,
				A0B74D4A22679E9900D7D0DA /* RegisterViewController.swift */,
				A0B74D482266D7A300D7D0DA /* AddRecViewController.swift */,
				A007CE042260644E006F5D09 /* HomeViewController.swift */,
			);
			path = "View Controllers";
			sourceTree = "<group>";
		};
		A0B74D4F2267FA0500D7D0DA /* Model */ = {
			isa = PBXGroup;
			children = (
				A0B74D4C2267F9DD00D7D0DA /* MediaSearchDatabase.swift */,
				A0B74D502267FA7000D7D0DA /* Show.swift */,
				A0B74D5A226BC18F00D7D0DA /* FirebaseController.swift */,
				A0B74D522268010500D7D0DA /* NetworkManager.swift */,
			);
			path = Model;
			sourceTree = "<group>";
		};
/* End PBXGroup section */

/* Begin PBXNativeTarget section */
		A0B4D124225A8AF30077DBFA /* Rec Dec */ = {
			isa = PBXNativeTarget;
			buildConfigurationList = A0B4D137225A8AF60077DBFA /* Build configuration list for PBXNativeTarget "Rec Dec" */;
			buildPhases = (
				A45EF0111A57356257BC65F5 /* [CP] Check Pods Manifest.lock */,
				A0B4D121225A8AF30077DBFA /* Sources */,
				A0B4D122225A8AF30077DBFA /* Frameworks */,
				A0B4D123225A8AF30077DBFA /* Resources */,
				FD35D67CAD0955C157BD9C9C /* [CP] Embed Pods Frameworks */,
			);
			buildRules = (
			);
			dependencies = (
			);
			name = "Rec Dec";
			productName = "Rec Dec";
			productReference = A0B4D125225A8AF30077DBFA /* Rec Dec.app */;
			productType = "com.apple.product-type.application";
		};
/* End PBXNativeTarget section */

/* Begin PBXProject section */
		A0B4D11D225A8AF30077DBFA /* Project object */ = {
			isa = PBXProject;
			attributes = {
				LastSwiftUpdateCheck = 1010;
				LastUpgradeCheck = 1010;
				ORGANIZATIONNAME = Eduardo;
				TargetAttributes = {
					A0B4D124225A8AF30077DBFA = {
						CreatedOnToolsVersion = 10.1;
					};
				};
			};
			buildConfigurationList = A0B4D120225A8AF30077DBFA /* Build configuration list for PBXProject "Rec Dec" */;
			compatibilityVersion = "Xcode 9.3";
			developmentRegion = en;
			hasScannedForEncodings = 0;
			knownRegions = (
				en,
				Base,
			);
			mainGroup = A0B4D11C225A8AF30077DBFA;
			productRefGroup = A0B4D126225A8AF30077DBFA /* Products */;
			projectDirPath = "";
			projectRoot = "";
			targets = (
				A0B4D124225A8AF30077DBFA /* Rec Dec */,
			);
		};
/* End PBXProject section */

/* Begin PBXResourcesBuildPhase section */
		A0B4D123225A8AF30077DBFA /* Resources */ = {
			isa = PBXResourcesBuildPhase;
			buildActionMask = 2147483647;
			files = (
				A0B4D133225A8AF60077DBFA /* LaunchScreen.storyboard in Resources */,
				A0B74D59226ADD0000D7D0DA /* GoogleService-Info.plist in Resources */,
				A0B4D130225A8AF60077DBFA /* Assets.xcassets in Resources */,
				A0B4D12E225A8AF30077DBFA /* Main.storyboard in Resources */,
			);
			runOnlyForDeploymentPostprocessing = 0;
		};
/* End PBXResourcesBuildPhase section */

/* Begin PBXShellScriptBuildPhase section */
		A45EF0111A57356257BC65F5 /* [CP] Check Pods Manifest.lock */ = {
			isa = PBXShellScriptBuildPhase;
			buildActionMask = 2147483647;
			files = (
			);
			inputFileListPaths = (
			);
			inputPaths = (
				"${PODS_PODFILE_DIR_PATH}/Podfile.lock",
				"${PODS_ROOT}/Manifest.lock",
			);
			name = "[CP] Check Pods Manifest.lock";
			outputFileListPaths = (
			);
			outputPaths = (
				"$(DERIVED_FILE_DIR)/Pods-Rec Dec-checkManifestLockResult.txt",
			);
			runOnlyForDeploymentPostprocessing = 0;
			shellPath = /bin/sh;
			shellScript = "diff \"${PODS_PODFILE_DIR_PATH}/Podfile.lock\" \"${PODS_ROOT}/Manifest.lock\" > /dev/null\nif [ $? != 0 ] ; then\n    # print error to STDERR\n    echo \"error: The sandbox is not in sync with the Podfile.lock. Run 'pod install' or update your CocoaPods installation.\" >&2\n    exit 1\nfi\n# This output is used by Xcode 'outputs' to avoid re-running this script phase.\necho \"SUCCESS\" > \"${SCRIPT_OUTPUT_FILE_0}\"\n";
			showEnvVarsInLog = 0;
		};
		FD35D67CAD0955C157BD9C9C /* [CP] Embed Pods Frameworks */ = {
			isa = PBXShellScriptBuildPhase;
			buildActionMask = 2147483647;
			files = (
			);
			inputFileListPaths = (
			);
			inputPaths = (
				"${PODS_ROOT}/Target Support Files/Pods-Rec Dec/Pods-Rec Dec-frameworks.sh",
				"${BUILT_PRODUCTS_DIR}/BoringSSL-GRPC/openssl_grpc.framework",
				"${BUILT_PRODUCTS_DIR}/GoogleUtilities/GoogleUtilities.framework",
				"${BUILT_PRODUCTS_DIR}/Protobuf/Protobuf.framework",
				"${BUILT_PRODUCTS_DIR}/gRPC-C++/grpcpp.framework",
				"${BUILT_PRODUCTS_DIR}/gRPC-Core/grpc.framework",
				"${BUILT_PRODUCTS_DIR}/leveldb-library/leveldb.framework",
				"${BUILT_PRODUCTS_DIR}/nanopb/nanopb.framework",
			);
			name = "[CP] Embed Pods Frameworks";
			outputFileListPaths = (
			);
			outputPaths = (
				"${TARGET_BUILD_DIR}/${FRAMEWORKS_FOLDER_PATH}/openssl_grpc.framework",
				"${TARGET_BUILD_DIR}/${FRAMEWORKS_FOLDER_PATH}/GoogleUtilities.framework",
				"${TARGET_BUILD_DIR}/${FRAMEWORKS_FOLDER_PATH}/Protobuf.framework",
				"${TARGET_BUILD_DIR}/${FRAMEWORKS_FOLDER_PATH}/grpcpp.framework",
				"${TARGET_BUILD_DIR}/${FRAMEWORKS_FOLDER_PATH}/grpc.framework",
				"${TARGET_BUILD_DIR}/${FRAMEWORKS_FOLDER_PATH}/leveldb.framework",
				"${TARGET_BUILD_DIR}/${FRAMEWORKS_FOLDER_PATH}/nanopb.framework",
			);
			runOnlyForDeploymentPostprocessing = 0;
			shellPath = /bin/sh;
			shellScript = "\"${PODS_ROOT}/Target Support Files/Pods-Rec Dec/Pods-Rec Dec-frameworks.sh\"\n";
			showEnvVarsInLog = 0;
		};
/* End PBXShellScriptBuildPhase section */

/* Begin PBXSourcesBuildPhase section */
		A0B4D121225A8AF30077DBFA /* Sources */ = {
			isa = PBXSourcesBuildPhase;
			buildActionMask = 2147483647;
			files = (
				A0B74D5B226BC18F00D7D0DA /* FirebaseController.swift in Sources */,
				A0B4D12B225A8AF30077DBFA /* ViewController.swift in Sources */,
				A0B74D4B22679E9900D7D0DA /* RegisterViewController.swift in Sources */,
				A0B4D129225A8AF30077DBFA /* AppDelegate.swift in Sources */,
				A007CE052260644E006F5D09 /* HomeViewController.swift in Sources */,
				A0B74D532268010500D7D0DA /* NetworkManager.swift in Sources */,
				A0B74D512267FA7000D7D0DA /* Show.swift in Sources */,
				A0B74D492266D7A300D7D0DA /* AddRecViewController.swift in Sources */,
				A0B74D5722699BC100D7D0DA /* ShowDataViewController.swift in Sources */,
				A0B74D4D2267F9DD00D7D0DA /* MediaSearchDatabase.swift in Sources */,
			);
			runOnlyForDeploymentPostprocessing = 0;
		};
/* End PBXSourcesBuildPhase section */

/* Begin PBXVariantGroup section */
		A0B4D12C225A8AF30077DBFA /* Main.storyboard */ = {
			isa = PBXVariantGroup;
			children = (
				A0B4D12D225A8AF30077DBFA /* Base */,
			);
			name = Main.storyboard;
			sourceTree = "<group>";
		};
		A0B4D131225A8AF60077DBFA /* LaunchScreen.storyboard */ = {
			isa = PBXVariantGroup;
			children = (
				A0B4D132225A8AF60077DBFA /* Base */,
			);
			name = LaunchScreen.storyboard;
			sourceTree = "<group>";
		};
/* End PBXVariantGroup section */

/* Begin XCBuildConfiguration section */
		A0B4D135225A8AF60077DBFA /* Debug */ = {
			isa = XCBuildConfiguration;
			buildSettings = {
				ALWAYS_SEARCH_USER_PATHS = NO;
				CLANG_ANALYZER_NONNULL = YES;
				CLANG_ANALYZER_NUMBER_OBJECT_CONVERSION = YES_AGGRESSIVE;
				CLANG_CXX_LANGUAGE_STANDARD = "gnu++14";
				CLANG_CXX_LIBRARY = "libc++";
				CLANG_ENABLE_MODULES = YES;
				CLANG_ENABLE_OBJC_ARC = YES;
				CLANG_ENABLE_OBJC_WEAK = YES;
				CLANG_WARN_BLOCK_CAPTURE_AUTORELEASING = YES;
				CLANG_WARN_BOOL_CONVERSION = YES;
				CLANG_WARN_COMMA = YES;
				CLANG_WARN_CONSTANT_CONVERSION = YES;
				CLANG_WARN_DEPRECATED_OBJC_IMPLEMENTATIONS = YES;
				CLANG_WARN_DIRECT_OBJC_ISA_USAGE = YES_ERROR;
				CLANG_WARN_DOCUMENTATION_COMMENTS = YES;
				CLANG_WARN_EMPTY_BODY = YES;
				CLANG_WARN_ENUM_CONVERSION = YES;
				CLANG_WARN_INFINITE_RECURSION = YES;
				CLANG_WARN_INT_CONVERSION = YES;
				CLANG_WARN_NON_LITERAL_NULL_CONVERSION = YES;
				CLANG_WARN_OBJC_IMPLICIT_RETAIN_SELF = YES;
				CLANG_WARN_OBJC_LITERAL_CONVERSION = YES;
				CLANG_WARN_OBJC_ROOT_CLASS = YES_ERROR;
				CLANG_WARN_RANGE_LOOP_ANALYSIS = YES;
				CLANG_WARN_STRICT_PROTOTYPES = YES;
				CLANG_WARN_SUSPICIOUS_MOVE = YES;
				CLANG_WARN_UNGUARDED_AVAILABILITY = YES_AGGRESSIVE;
				CLANG_WARN_UNREACHABLE_CODE = YES;
				CLANG_WARN__DUPLICATE_METHOD_MATCH = YES;
				CODE_SIGN_IDENTITY = "iPhone Developer";
				COPY_PHASE_STRIP = NO;
				DEBUG_INFORMATION_FORMAT = dwarf;
				ENABLE_STRICT_OBJC_MSGSEND = YES;
				ENABLE_TESTABILITY = YES;
				GCC_C_LANGUAGE_STANDARD = gnu11;
				GCC_DYNAMIC_NO_PIC = NO;
				GCC_NO_COMMON_BLOCKS = YES;
				GCC_OPTIMIZATION_LEVEL = 0;
				GCC_PREPROCESSOR_DEFINITIONS = (
					"DEBUG=1",
					"$(inherited)",
				);
				GCC_WARN_64_TO_32_BIT_CONVERSION = YES;
				GCC_WARN_ABOUT_RETURN_TYPE = YES_ERROR;
				GCC_WARN_UNDECLARED_SELECTOR = YES;
				GCC_WARN_UNINITIALIZED_AUTOS = YES_AGGRESSIVE;
				GCC_WARN_UNUSED_FUNCTION = YES;
				GCC_WARN_UNUSED_VARIABLE = YES;
				IPHONEOS_DEPLOYMENT_TARGET = 12.1;
				MTL_ENABLE_DEBUG_INFO = INCLUDE_SOURCE;
				MTL_FAST_MATH = YES;
				ONLY_ACTIVE_ARCH = YES;
				SDKROOT = iphoneos;
				SWIFT_ACTIVE_COMPILATION_CONDITIONS = DEBUG;
				SWIFT_OPTIMIZATION_LEVEL = "-Onone";
			};
			name = Debug;
		};
		A0B4D136225A8AF60077DBFA /* Release */ = {
			isa = XCBuildConfiguration;
			buildSettings = {
				ALWAYS_SEARCH_USER_PATHS = NO;
				CLANG_ANALYZER_NONNULL = YES;
				CLANG_ANALYZER_NUMBER_OBJECT_CONVERSION = YES_AGGRESSIVE;
				CLANG_CXX_LANGUAGE_STANDARD = "gnu++14";
				CLANG_CXX_LIBRARY = "libc++";
				CLANG_ENABLE_MODULES = YES;
				CLANG_ENABLE_OBJC_ARC = YES;
				CLANG_ENABLE_OBJC_WEAK = YES;
				CLANG_WARN_BLOCK_CAPTURE_AUTORELEASING = YES;
				CLANG_WARN_BOOL_CONVERSION = YES;
				CLANG_WARN_COMMA = YES;
				CLANG_WARN_CONSTANT_CONVERSION = YES;
				CLANG_WARN_DEPRECATED_OBJC_IMPLEMENTATIONS = YES;
				CLANG_WARN_DIRECT_OBJC_ISA_USAGE = YES_ERROR;
				CLANG_WARN_DOCUMENTATION_COMMENTS = YES;
				CLANG_WARN_EMPTY_BODY = YES;
				CLANG_WARN_ENUM_CONVERSION = YES;
				CLANG_WARN_INFINITE_RECURSION = YES;
				CLANG_WARN_INT_CONVERSION = YES;
				CLANG_WARN_NON_LITERAL_NULL_CONVERSION = YES;
				CLANG_WARN_OBJC_IMPLICIT_RETAIN_SELF = YES;
				CLANG_WARN_OBJC_LITERAL_CONVERSION = YES;
				CLANG_WARN_OBJC_ROOT_CLASS = YES_ERROR;
				CLANG_WARN_RANGE_LOOP_ANALYSIS = YES;
				CLANG_WARN_STRICT_PROTOTYPES = YES;
				CLANG_WARN_SUSPICIOUS_MOVE = YES;
				CLANG_WARN_UNGUARDED_AVAILABILITY = YES_AGGRESSIVE;
				CLANG_WARN_UNREACHABLE_CODE = YES;
				CLANG_WARN__DUPLICATE_METHOD_MATCH = YES;
				CODE_SIGN_IDENTITY = "iPhone Developer";
				COPY_PHASE_STRIP = NO;
				DEBUG_INFORMATION_FORMAT = "dwarf-with-dsym";
				ENABLE_NS_ASSERTIONS = NO;
				ENABLE_STRICT_OBJC_MSGSEND = YES;
				GCC_C_LANGUAGE_STANDARD = gnu11;
				GCC_NO_COMMON_BLOCKS = YES;
				GCC_WARN_64_TO_32_BIT_CONVERSION = YES;
				GCC_WARN_ABOUT_RETURN_TYPE = YES_ERROR;
				GCC_WARN_UNDECLARED_SELECTOR = YES;
				GCC_WARN_UNINITIALIZED_AUTOS = YES_AGGRESSIVE;
				GCC_WARN_UNUSED_FUNCTION = YES;
				GCC_WARN_UNUSED_VARIABLE = YES;
				IPHONEOS_DEPLOYMENT_TARGET = 12.1;
				MTL_ENABLE_DEBUG_INFO = NO;
				MTL_FAST_MATH = YES;
				SDKROOT = iphoneos;
				SWIFT_COMPILATION_MODE = wholemodule;
				SWIFT_OPTIMIZATION_LEVEL = "-O";
				VALIDATE_PRODUCT = YES;
			};
			name = Release;
		};
		A0B4D138225A8AF60077DBFA /* Debug */ = {
			isa = XCBuildConfiguration;
			baseConfigurationReference = 8F60DB3A34F2146A114C797B /* Pods-Rec Dec.debug.xcconfig */;
			buildSettings = {
				ASSETCATALOG_COMPILER_APPICON_NAME = AppIcon;
				CODE_SIGN_STYLE = Automatic;
				DEVELOPMENT_TEAM = 9JPVBL5K72;
				INFOPLIST_FILE = "Rec Dec/Info.plist";
				LD_RUNPATH_SEARCH_PATHS = (
					"$(inherited)",
					"@executable_path/Frameworks",
				);
				PRODUCT_BUNDLE_IDENTIFIER = "cis195.Rec-Dec";
				PRODUCT_NAME = "$(TARGET_NAME)";
				SWIFT_VERSION = 4.2;
				TARGETED_DEVICE_FAMILY = "1,2";
			};
			name = Debug;
		};
		A0B4D139225A8AF60077DBFA /* Release */ = {
			isa = XCBuildConfiguration;
			baseConfigurationReference = 5E83BEA240E5ED16364FE65C /* Pods-Rec Dec.release.xcconfig */;
			buildSettings = {
				ASSETCATALOG_COMPILER_APPICON_NAME = AppIcon;
				CODE_SIGN_STYLE = Automatic;
				DEVELOPMENT_TEAM = 9JPVBL5K72;
				INFOPLIST_FILE = "Rec Dec/Info.plist";
				LD_RUNPATH_SEARCH_PATHS = (
					"$(inherited)",
					"@executable_path/Frameworks",
				);
				PRODUCT_BUNDLE_IDENTIFIER = "cis195.Rec-Dec";
				PRODUCT_NAME = "$(TARGET_NAME)";
				SWIFT_VERSION = 4.2;
				TARGETED_DEVICE_FAMILY = "1,2";
			};
			name = Release;
		};
/* End XCBuildConfiguration section */

/* Begin XCConfigurationList section */
		A0B4D120225A8AF30077DBFA /* Build configuration list for PBXProject "Rec Dec" */ = {
			isa = XCConfigurationList;
			buildConfigurations = (
				A0B4D135225A8AF60077DBFA /* Debug */,
				A0B4D136225A8AF60077DBFA /* Release */,
			);
			defaultConfigurationIsVisible = 0;
			defaultConfigurationName = Release;
		};
		A0B4D137225A8AF60077DBFA /* Build configuration list for PBXNativeTarget "Rec Dec" */ = {
			isa = XCConfigurationList;
			buildConfigurations = (
				A0B4D138225A8AF60077DBFA /* Debug */,
				A0B4D139225A8AF60077DBFA /* Release */,
			);
			defaultConfigurationIsVisible = 0;
			defaultConfigurationName = Release;
		};
/* End XCConfigurationList section */
	};
	rootObject = A0B4D11D225A8AF30077DBFA /* Project object */;
}
